
Microsoft Visual Studio Solution File, Format Version 12.00
# Visual Studio Version 17
VisualStudioVersion = 17.6.33801.468
MinimumVisualStudioVersion = 10.0.40219.1
Project("{FAE04EC0-301F-11D3-BF4B-00C04F79EFBC}") = "Lab Day 08", "Lab Day 08\Lab Day 08.csproj", "{49D88966-7A73-4D88-AA79-4A22140C9E26}"
EndProject
Global
	GlobalSection(SolutionConfigurationPlatforms) = preSolution
		Debug|Any CPU = Debug|Any CPU
		Release|Any CPU = Release|Any CPU
	EndGlobalSection
	GlobalSection(ProjectConfigurationPlatforms) = postSolution
		{49D88966-7A73-4D88-AA79-4A22140C9E26}.Debug|Any CPU.ActiveCfg = Debug|Any CPU
		{49D88966-7A73-4D88-AA79-4A22140C9E26}.Debug|Any CPU.Build.0 = Debug|Any CPU
		{49D88966-7A73-4D88-AA79-4A22140C9E26}.Release|Any CPU.ActiveCfg = Release|Any CPU
		{49D88966-7A73-4D88-AA79-4A22140C9E26}.Release|Any CPU.Build.0 = Release|Any CPU
	EndGlobalSection
	GlobalSection(SolutionProperties) = preSolution
		HideSolutionNode = FALSE
	EndGlobalSection
	GlobalSection(ExtensibilityGlobals) = postSolution
		SolutionGuid = {2EDDD324-65A4-4F07-A333-A3A0C3212C26}
	EndGlobalSection
EndGlobal
