
Microsoft Visual Studio Solution File, Format Version 12.00
# Visual Studio Version 17
VisualStudioVersion = 17.5.33627.172
MinimumVisualStudioVersion = 10.0.40219.1
Project("{FAE04EC0-301F-11D3-BF4B-00C04F79EFBC}") = "ConsoleApp9", "ConsoleApp9\ConsoleApp9.csproj", "{EC2E09CD-0949-4B07-99A6-6AF5AD52948A}"
EndProject
Global
	GlobalSection(SolutionConfigurationPlatforms) = preSolution
		Debug|Any CPU = Debug|Any CPU
		Release|Any CPU = Release|Any CPU
	EndGlobalSection
	GlobalSection(ProjectConfigurationPlatforms) = postSolution
		{EC2E09CD-0949-4B07-99A6-6AF5AD52948A}.Debug|Any CPU.ActiveCfg = Debug|Any CPU
		{EC2E09CD-0949-4B07-99A6-6AF5AD52948A}.Debug|Any CPU.Build.0 = Debug|Any CPU
		{EC2E09CD-0949-4B07-99A6-6AF5AD52948A}.Release|Any CPU.ActiveCfg = Release|Any CPU
		{EC2E09CD-0949-4B07-99A6-6AF5AD52948A}.Release|Any CPU.Build.0 = Release|Any CPU
	EndGlobalSection
	GlobalSection(SolutionProperties) = preSolution
		HideSolutionNode = FALSE
	EndGlobalSection
	GlobalSection(ExtensibilityGlobals) = postSolution
		SolutionGuid = {123C69A1-BD1E-4FEA-BA21-1D67D5AFE146}
	EndGlobalSection
EndGlobal
